
Microsoft Visual Studio Solution File, Format Version 12.00
# Visual Studio 15
VisualStudioVersion = 15.0.28307.106
MinimumVisualStudioVersion = 10.0.40219.1
Project("{FAE04EC0-301F-11D3-BF4B-00C04F79EFBC}") = "Xamarin.Social.Android", "Xamarin.Social\Xamarin.Social.Android\Xamarin.Social.Android.csproj", "{3E6FDD1C-E44E-4F8E-9242-8B9DEA9B5A4A}"
EndProject
Project("{FAE04EC0-301F-11D3-BF4B-00C04F79EFBC}") = "Xamarin.Social.iOS", "Xamarin.Social\Xamarin.Social.iOS\Xamarin.Social.iOS.csproj", "{CB70CA08-30AA-4D33-ADFA-CB6E2A6707A7}"
EndProject
Project("{FAE04EC0-301F-11D3-BF4B-00C04F79EFBC}") = "Xamarin.Social", "Xamarin.Social\Xamarin.Social\Xamarin.Social.csproj", "{37EA76F4-B69F-4F21-BD43-755214F53A6A}"
EndProject
Global
	GlobalSection(SolutionConfigurationPlatforms) = preSolution
		Ad-Hoc|Any CPU = Ad-Hoc|Any CPU
		Ad-Hoc|iPhone = Ad-Hoc|iPhone
		Ad-Hoc|iPhoneSimulator = Ad-Hoc|iPhoneSimulator
		AppStore|Any CPU = AppStore|Any CPU
		AppStore|iPhone = AppStore|iPhone
		AppStore|iPhoneSimulator = AppStore|iPhoneSimulator
		Debug|Any CPU = Debug|Any CPU
		Debug|iPhone = Debug|iPhone
		Debug|iPhoneSimulator = Debug|iPhoneSimulator
		Release|Any CPU = Release|Any CPU
		Release|iPhone = Release|iPhone
		Release|iPhoneSimulator = Release|iPhoneSimulator
	EndGlobalSection
	GlobalSection(ProjectConfigurationPlatforms) = postSolution
		{3E6FDD1C-E44E-4F8E-9242-8B9DEA9B5A4A}.Ad-Hoc|Any CPU.ActiveCfg = Release|Any CPU
		{3E6FDD1C-E44E-4F8E-9242-8B9DEA9B5A4A}.Ad-Hoc|Any CPU.Build.0 = Release|Any CPU
		{3E6FDD1C-E44E-4F8E-9242-8B9DEA9B5A4A}.Ad-Hoc|Any CPU.Deploy.0 = Release|Any CPU
		{3E6FDD1C-E44E-4F8E-9242-8B9DEA9B5A4A}.Ad-Hoc|iPhone.ActiveCfg = Release|Any CPU
		{3E6FDD1C-E44E-4F8E-9242-8B9DEA9B5A4A}.Ad-Hoc|iPhone.Build.0 = Release|Any CPU
		{3E6FDD1C-E44E-4F8E-9242-8B9DEA9B5A4A}.Ad-Hoc|iPhone.Deploy.0 = Release|Any CPU
		{3E6FDD1C-E44E-4F8E-9242-8B9DEA9B5A4A}.Ad-Hoc|iPhoneSimulator.ActiveCfg = Release|Any CPU
		{3E6FDD1C-E44E-4F8E-9242-8B9DEA9B5A4A}.Ad-Hoc|iPhoneSimulator.Build.0 = Release|Any CPU
		{3E6FDD1C-E44E-4F8E-9242-8B9DEA9B5A4A}.Ad-Hoc|iPhoneSimulator.Deploy.0 = Release|Any CPU
		{3E6FDD1C-E44E-4F8E-9242-8B9DEA9B5A4A}.AppStore|Any CPU.ActiveCfg = Release|Any CPU
		{3E6FDD1C-E44E-4F8E-9242-8B9DEA9B5A4A}.AppStore|Any CPU.Build.0 = Release|Any CPU
		{3E6FDD1C-E44E-4F8E-9242-8B9DEA9B5A4A}.AppStore|Any CPU.Deploy.0 = Release|Any CPU
		{3E6FDD1C-E44E-4F8E-9242-8B9DEA9B5A4A}.AppStore|iPhone.ActiveCfg = Release|Any CPU
		{3E6FDD1C-E44E-4F8E-9242-8B9DEA9B5A4A}.AppStore|iPhone.Build.0 = Release|Any CPU
		{3E6FDD1C-E44E-4F8E-9242-8B9DEA9B5A4A}.AppStore|iPhone.Deploy.0 = Release|Any CPU
		{3E6FDD1C-E44E-4F8E-9242-8B9DEA9B5A4A}.AppStore|iPhoneSimulator.ActiveCfg = Release|Any CPU
		{3E6FDD1C-E44E-4F8E-9242-8B9DEA9B5A4A}.AppStore|iPhoneSimulator.Build.0 = Release|Any CPU
		{3E6FDD1C-E44E-4F8E-9242-8B9DEA9B5A4A}.AppStore|iPhoneSimulator.Deploy.0 = Release|Any CPU
		{3E6FDD1C-E44E-4F8E-9242-8B9DEA9B5A4A}.Debug|Any CPU.ActiveCfg = Debug|Any CPU
		{3E6FDD1C-E44E-4F8E-9242-8B9DEA9B5A4A}.Debug|Any CPU.Build.0 = Debug|Any CPU
		{3E6FDD1C-E44E-4F8E-9242-8B9DEA9B5A4A}.Debug|Any CPU.Deploy.0 = Debug|Any CPU
		{3E6FDD1C-E44E-4F8E-9242-8B9DEA9B5A4A}.Debug|iPhone.ActiveCfg = Debug|Any CPU
		{3E6FDD1C-E44E-4F8E-9242-8B9DEA9B5A4A}.Debug|iPhone.Build.0 = Debug|Any CPU
		{3E6FDD1C-E44E-4F8E-9242-8B9DEA9B5A4A}.Debug|iPhone.Deploy.0 = Debug|Any CPU
		{3E6FDD1C-E44E-4F8E-9242-8B9DEA9B5A4A}.Debug|iPhoneSimulator.ActiveCfg = Debug|Any CPU
		{3E6FDD1C-E44E-4F8E-9242-8B9DEA9B5A4A}.Debug|iPhoneSimulator.Build.0 = Debug|Any CPU
		{3E6FDD1C-E44E-4F8E-9242-8B9DEA9B5A4A}.Debug|iPhoneSimulator.Deploy.0 = Debug|Any CPU
		{3E6FDD1C-E44E-4F8E-9242-8B9DEA9B5A4A}.Release|Any CPU.ActiveCfg = Release|Any CPU
		{3E6FDD1C-E44E-4F8E-9242-8B9DEA9B5A4A}.Release|Any CPU.Build.0 = Release|Any CPU
		{3E6FDD1C-E44E-4F8E-9242-8B9DEA9B5A4A}.Release|Any CPU.Deploy.0 = Release|Any CPU
		{3E6FDD1C-E44E-4F8E-9242-8B9DEA9B5A4A}.Release|iPhone.ActiveCfg = Release|Any CPU
		{3E6FDD1C-E44E-4F8E-9242-8B9DEA9B5A4A}.Release|iPhone.Build.0 = Release|Any CPU
		{3E6FDD1C-E44E-4F8E-9242-8B9DEA9B5A4A}.Release|iPhone.Deploy.0 = Release|Any CPU
		{3E6FDD1C-E44E-4F8E-9242-8B9DEA9B5A4A}.Release|iPhoneSimulator.ActiveCfg = Release|Any CPU
		{3E6FDD1C-E44E-4F8E-9242-8B9DEA9B5A4A}.Release|iPhoneSimulator.Build.0 = Release|Any CPU
		{3E6FDD1C-E44E-4F8E-9242-8B9DEA9B5A4A}.Release|iPhoneSimulator.Deploy.0 = Release|Any CPU
		{CB70CA08-30AA-4D33-ADFA-CB6E2A6707A7}.Ad-Hoc|Any CPU.ActiveCfg = Ad-Hoc|iPhone
		{CB70CA08-30AA-4D33-ADFA-CB6E2A6707A7}.Ad-Hoc|Any CPU.Build.0 = Ad-Hoc|iPhone
		{CB70CA08-30AA-4D33-ADFA-CB6E2A6707A7}.Ad-Hoc|Any CPU.Deploy.0 = Ad-Hoc|iPhone
		{CB70CA08-30AA-4D33-ADFA-CB6E2A6707A7}.Ad-Hoc|iPhone.ActiveCfg = Ad-Hoc|iPhone
		{CB70CA08-30AA-4D33-ADFA-CB6E2A6707A7}.Ad-Hoc|iPhone.Build.0 = Ad-Hoc|iPhone
		{CB70CA08-30AA-4D33-ADFA-CB6E2A6707A7}.Ad-Hoc|iPhone.Deploy.0 = Ad-Hoc|iPhone
		{CB70CA08-30AA-4D33-ADFA-CB6E2A6707A7}.Ad-Hoc|iPhoneSimulator.ActiveCfg = Ad-Hoc|iPhoneSimulator
		{CB70CA08-30AA-4D33-ADFA-CB6E2A6707A7}.Ad-Hoc|iPhoneSimulator.Build.0 = Ad-Hoc|iPhoneSimulator
		{CB70CA08-30AA-4D33-ADFA-CB6E2A6707A7}.Ad-Hoc|iPhoneSimulator.Deploy.0 = Ad-Hoc|iPhoneSimulator
		{CB70CA08-30AA-4D33-ADFA-CB6E2A6707A7}.AppStore|Any CPU.ActiveCfg = AppStore|iPhone
		{CB70CA08-30AA-4D33-ADFA-CB6E2A6707A7}.AppStore|Any CPU.Build.0 = AppStore|iPhone
		{CB70CA08-30AA-4D33-ADFA-CB6E2A6707A7}.AppStore|Any CPU.Deploy.0 = AppStore|iPhone
		{CB70CA08-30AA-4D33-ADFA-CB6E2A6707A7}.AppStore|iPhone.ActiveCfg = AppStore|iPhone
		{CB70CA08-30AA-4D33-ADFA-CB6E2A6707A7}.AppStore|iPhone.Build.0 = AppStore|iPhone
		{CB70CA08-30AA-4D33-ADFA-CB6E2A6707A7}.AppStore|iPhone.Deploy.0 = AppStore|iPhone
		{CB70CA08-30AA-4D33-ADFA-CB6E2A6707A7}.AppStore|iPhoneSimulator.ActiveCfg = AppStore|iPhoneSimulator
		{CB70CA08-30AA-4D33-ADFA-CB6E2A6707A7}.AppStore|iPhoneSimulator.Build.0 = AppStore|iPhoneSimulator
		{CB70CA08-30AA-4D33-ADFA-CB6E2A6707A7}.AppStore|iPhoneSimulator.Deploy.0 = AppStore|iPhoneSimulator
		{CB70CA08-30AA-4D33-ADFA-CB6E2A6707A7}.Debug|Any CPU.ActiveCfg = Debug|iPhoneSimulator
		{CB70CA08-30AA-4D33-ADFA-CB6E2A6707A7}.Debug|Any CPU.Build.0 = Debug|iPhoneSimulator
		{CB70CA08-30AA-4D33-ADFA-CB6E2A6707A7}.Debug|Any CPU.Deploy.0 = Debug|iPhoneSimulator
		{CB70CA08-30AA-4D33-ADFA-CB6E2A6707A7}.Debug|iPhone.ActiveCfg = Debug|iPhone
		{CB70CA08-30AA-4D33-ADFA-CB6E2A6707A7}.Debug|iPhone.Build.0 = Debug|iPhone
		{CB70CA08-30AA-4D33-ADFA-CB6E2A6707A7}.Debug|iPhone.Deploy.0 = Debug|iPhone
		{CB70CA08-30AA-4D33-ADFA-CB6E2A6707A7}.Debug|iPhoneSimulator.ActiveCfg = Debug|iPhoneSimulator
		{CB70CA08-30AA-4D33-ADFA-CB6E2A6707A7}.Debug|iPhoneSimulator.Build.0 = Debug|iPhoneSimulator
		{CB70CA08-30AA-4D33-ADFA-CB6E2A6707A7}.Debug|iPhoneSimulator.Deploy.0 = Debug|iPhoneSimulator
		{CB70CA08-30AA-4D33-ADFA-CB6E2A6707A7}.Release|Any CPU.ActiveCfg = Release|iPhone
		{CB70CA08-30AA-4D33-ADFA-CB6E2A6707A7}.Release|Any CPU.Build.0 = Release|iPhone
		{CB70CA08-30AA-4D33-ADFA-CB6E2A6707A7}.Release|Any CPU.Deploy.0 = Release|iPhone
		{CB70CA08-30AA-4D33-ADFA-CB6E2A6707A7}.Release|iPhone.ActiveCfg = Release|iPhone
		{CB70CA08-30AA-4D33-ADFA-CB6E2A6707A7}.Release|iPhone.Build.0 = Release|iPhone
		{CB70CA08-30AA-4D33-ADFA-CB6E2A6707A7}.Release|iPhone.Deploy.0 = Release|iPhone
		{CB70CA08-30AA-4D33-ADFA-CB6E2A6707A7}.Release|iPhoneSimulator.ActiveCfg = Release|iPhoneSimulator
		{CB70CA08-30AA-4D33-ADFA-CB6E2A6707A7}.Release|iPhoneSimulator.Build.0 = Release|iPhoneSimulator
		{CB70CA08-30AA-4D33-ADFA-CB6E2A6707A7}.Release|iPhoneSimulator.Deploy.0 = Release|iPhoneSimulator
		{37EA76F4-B69F-4F21-BD43-755214F53A6A}.Ad-Hoc|Any CPU.ActiveCfg = Debug|Any CPU
		{37EA76F4-B69F-4F21-BD43-755214F53A6A}.Ad-Hoc|Any CPU.Build.0 = Debug|Any CPU
		{37EA76F4-B69F-4F21-BD43-755214F53A6A}.Ad-Hoc|Any CPU.Deploy.0 = Debug|Any CPU
		{37EA76F4-B69F-4F21-BD43-755214F53A6A}.Ad-Hoc|iPhone.ActiveCfg = Debug|Any CPU
		{37EA76F4-B69F-4F21-BD43-755214F53A6A}.Ad-Hoc|iPhone.Build.0 = Debug|Any CPU
		{37EA76F4-B69F-4F21-BD43-755214F53A6A}.Ad-Hoc|iPhone.Deploy.0 = Debug|Any CPU
		{37EA76F4-B69F-4F21-BD43-755214F53A6A}.Ad-Hoc|iPhoneSimulator.ActiveCfg = Debug|Any CPU
		{37EA76F4-B69F-4F21-BD43-755214F53A6A}.Ad-Hoc|iPhoneSimulator.Build.0 = Debug|Any CPU
		{37EA76F4-B69F-4F21-BD43-755214F53A6A}.Ad-Hoc|iPhoneSimulator.Deploy.0 = Debug|Any CPU
		{37EA76F4-B69F-4F21-BD43-755214F53A6A}.AppStore|Any CPU.ActiveCfg = Debug|Any CPU
		{37EA76F4-B69F-4F21-BD43-755214F53A6A}.AppStore|Any CPU.Build.0 = Debug|Any CPU
		{37EA76F4-B69F-4F21-BD43-755214F53A6A}.AppStore|Any CPU.Deploy.0 = Debug|Any CPU
		{37EA76F4-B69F-4F21-BD43-755214F53A6A}.AppStore|iPhone.ActiveCfg = Debug|Any CPU
		{37EA76F4-B69F-4F21-BD43-755214F53A6A}.AppStore|iPhone.Build.0 = Debug|Any CPU
		{37EA76F4-B69F-4F21-BD43-755214F53A6A}.AppStore|iPhone.Deploy.0 = Debug|Any CPU
		{37EA76F4-B69F-4F21-BD43-755214F53A6A}.AppStore|iPhoneSimulator.ActiveCfg = Debug|Any CPU
		{37EA76F4-B69F-4F21-BD43-755214F53A6A}.AppStore|iPhoneSimulator.Build.0 = Debug|Any CPU
		{37EA76F4-B69F-4F21-BD43-755214F53A6A}.AppStore|iPhoneSimulator.Deploy.0 = Debug|Any CPU
		{37EA76F4-B69F-4F21-BD43-755214F53A6A}.Debug|Any CPU.ActiveCfg = Debug|Any CPU
		{37EA76F4-B69F-4F21-BD43-755214F53A6A}.Debug|Any CPU.Build.0 = Debug|Any CPU
		{37EA76F4-B69F-4F21-BD43-755214F53A6A}.Debug|Any CPU.Deploy.0 = Debug|Any CPU
		{37EA76F4-B69F-4F21-BD43-755214F53A6A}.Debug|iPhone.ActiveCfg = Debug|Any CPU
		{37EA76F4-B69F-4F21-BD43-755214F53A6A}.Debug|iPhone.Build.0 = Debug|Any CPU
		{37EA76F4-B69F-4F21-BD43-755214F53A6A}.Debug|iPhone.Deploy.0 = Debug|Any CPU
		{37EA76F4-B69F-4F21-BD43-755214F53A6A}.Debug|iPhoneSimulator.ActiveCfg = Debug|Any CPU
		{37EA76F4-B69F-4F21-BD43-755214F53A6A}.Debug|iPhoneSimulator.Build.0 = Debug|Any CPU
		{37EA76F4-B69F-4F21-BD43-755214F53A6A}.Debug|iPhoneSimulator.Deploy.0 = Debug|Any CPU
		{37EA76F4-B69F-4F21-BD43-755214F53A6A}.Release|Any CPU.ActiveCfg = Release|Any CPU
		{37EA76F4-B69F-4F21-BD43-755214F53A6A}.Release|Any CPU.Build.0 = Release|Any CPU
		{37EA76F4-B69F-4F21-BD43-755214F53A6A}.Release|Any CPU.Deploy.0 = Release|Any CPU
		{37EA76F4-B69F-4F21-BD43-755214F53A6A}.Release|iPhone.ActiveCfg = Release|Any CPU
		{37EA76F4-B69F-4F21-BD43-755214F53A6A}.Release|iPhone.Build.0 = Release|Any CPU
		{37EA76F4-B69F-4F21-BD43-755214F53A6A}.Release|iPhone.Deploy.0 = Release|Any CPU
		{37EA76F4-B69F-4F21-BD43-755214F53A6A}.Release|iPhoneSimulator.ActiveCfg = Release|Any CPU
		{37EA76F4-B69F-4F21-BD43-755214F53A6A}.Release|iPhoneSimulator.Build.0 = Release|Any CPU
		{37EA76F4-B69F-4F21-BD43-755214F53A6A}.Release|iPhoneSimulator.Deploy.0 = Release|Any CPU
	EndGlobalSection
	GlobalSection(SolutionProperties) = preSolution
		HideSolutionNode = FALSE
	EndGlobalSection
	GlobalSection(ExtensibilityGlobals) = postSolution
		SolutionGuid = {8BF72CD2-607D-4BA2-9374-1F48D01BF06C}
	EndGlobalSection
EndGlobal
